{
    "_meta": {
        "hash": {
            "sha256": "59cb799d2d0ec3e8b4a26e2565b7353fd79d83511d3eec81b7e6d8cff4013318"
        },
        "pipfile-spec": 6,
        "requires": {
            "python_version": "3.10"
        },
        "sources": [
            {
                "name": "pypi",
                "url": "https://pypi.org/simple",
                "verify_ssl": true
            }
        ]
    },
    "default": {
        "aiofiles": {
            "hashes": [
                "sha256:9312414ae06472eb6f1d163f555e466a23aed1c8f60c30cccf7121dba2e53eb2",
                "sha256:edd247df9a19e0db16534d4baaf536d6609a43e1de5401d7a4c1c148753a1635"
            ],
            "markers": "python_version >= '3.7' and python_version < '4.0'",
            "version": "==23.1.0"
        },
        "anyio": {
            "hashes": [
                "sha256:44a3c9aba0f5defa43261a8b3efb97891f2bd7d804e0e1f56419befa1adfc780",
                "sha256:91dee416e570e92c64041bd18b900d1d6fa78dff7048769ce5ac5ddad004fbb5"
            ],
            "markers": "python_version >= '3.7'",
            "version": "==3.7.1"
        },
        "appnope": {
            "hashes": [
                "sha256:02bd91c4de869fbb1e1c50aafc4098827a7a54ab2f39d9dcba6c9547ed920e24",
                "sha256:265a455292d0bd8a72453494fa24df5a11eb18373a60c7c0430889f22548605e"
            ],
            "markers": "sys_platform == 'darwin'",
            "version": "==0.1.3"
        },
        "asttokens": {
            "hashes": [
                "sha256:4622110b2a6f30b77e1473affaa97e711bc2f07d3f10848420ff1898edbe94f3",
                "sha256:6b0ac9e93fb0335014d382b8fa9b3afa7df546984258005da0b9e7095b3deb1c"
            ],
            "version": "==2.2.1"
        },
        "async-timeout": {
            "hashes": [
                "sha256:2163e1640ddb52b7a8c80d0a67a08587e5d245cc9c553a74a847056bc2976b15",
                "sha256:8ca1e4fcf50d07413d66d1a5e416e42cfdf5851c981d679a09851a6853383b3c"
            ],
            "markers": "python_full_version <= '3.11.2'",
            "version": "==4.0.2"
        },
        "backcall": {
            "hashes": [
                "sha256:5cbdbf27be5e7cfadb448baf0aa95508f91f2bbc6c6437cd9cd06e2a4c215e1e",
                "sha256:fbbce6a29f263178a1f7915c1940bde0ec2b2a967566fe1c65c1dfb7422bd255"
            ],
            "version": "==0.2.0"
        },
        "blinker": {
            "hashes": [
                "sha256:1eb563df6fdbc39eeddc177d953203f99f097e9bf0e2b8f9f3cf18b6ca425e36",
                "sha256:923e5e2f69c155f2cc42dafbbd70e16e3fde24d2d4aa2ab72fbe386238892462"
            ],
            "markers": "python_version >= '2.7' and python_version not in '3.0, 3.1, 3.2, 3.3, 3.4'",
            "version": "==1.5"
        },
        "certifi": {
            "hashes": [
                "sha256:539cc1d13202e33ca466e88b2807e29f4c13049d6d87031a3c110744495cb082",
                "sha256:92d6037539857d8206b8f6ae472e8b77db8058fec5937a1ef3f54304089edbb9"
            ],
            "markers": "python_version >= '3.6'",
            "version": "==2023.7.22"
        },
        "click": {
            "hashes": [
                "sha256:48ee849951919527a045bfe3bf7baa8a959c423134e1a5b98c05c20ba75a1cbd",
                "sha256:fa244bb30b3b5ee2cae3da8f55c9e5e0c0e86093306301fb418eb9dc40fbded5"
            ],
            "markers": "python_version >= '3.7'",
            "version": "==8.1.6"
        },
        "decorator": {
            "hashes": [
                "sha256:637996211036b6385ef91435e4fae22989472f9d571faba8927ba8253acbc330",
                "sha256:b8c3f85900b9dc423225913c5aace94729fe1fa9763b38939a95226f02d37186"
            ],
            "markers": "python_version >= '3.5'",
            "version": "==5.1.1"
        },
        "dnspython": {
            "hashes": [
                "sha256:5b7488477388b8c0b70a8ce93b227c5603bc7b77f1565afe8e729c36c51447d7",
                "sha256:c33971c79af5be968bb897e95c2448e11a645ee84d93b265ce0b7aabe5dfdca8"
            ],
            "markers": "python_version >= '3.8' and python_version < '4.0'",
            "version": "==2.4.1"
        },
        "exceptiongroup": {
            "hashes": [
                "sha256:12c3e887d6485d16943a309616de20ae5582633e0a2eda17f4e10fd61c1e8af5",
                "sha256:e346e69d186172ca7cf029c8c1d16235aa0e04035e5750b4b95039e65204328f"
            ],
            "markers": "python_version < '3.11'",
            "version": "==1.1.2"
        },
        "executing": {
            "hashes": [
                "sha256:0314a69e37426e3608aada02473b4161d4caf5a4b244d1d0c48072b8fee7bacc",
                "sha256:19da64c18d2d851112f09c287f8d3dbbdf725ab0e569077efb6cdcbd3497c107"
            ],
            "version": "==1.2.0"
        },
        "h11": {
            "hashes": [
                "sha256:8f19fbbe99e72420ff35c00b27a34cb9937e902a8b810e2c88300c6f0a3b699d",
                "sha256:e3fe4ac4b851c468cc8363d500db52c2ead036020723024a109d37346efaa761"
            ],
            "markers": "python_version >= '3.7'",
            "version": "==0.14.0"
        },
        "h2": {
            "hashes": [
                "sha256:03a46bcf682256c95b5fd9e9a99c1323584c3eec6440d379b9903d709476bc6d",
                "sha256:a83aca08fbe7aacb79fec788c9c0bac936343560ed9ec18b82a13a12c28d2abb"
            ],
            "markers": "python_full_version >= '3.6.1'",
            "version": "==4.1.0"
        },
        "hpack": {
            "hashes": [
                "sha256:84a076fad3dc9a9f8063ccb8041ef100867b1878b25ef0ee63847a5d53818a6c",
                "sha256:fc41de0c63e687ebffde81187a948221294896f6bdc0ae2312708df339430095"
            ],
            "markers": "python_full_version >= '3.6.1'",
            "version": "==4.0.0"
        },
        "httpcore": {
            "hashes": [
                "sha256:a6f30213335e34c1ade7be6ec7c47f19f50c56db36abef1a9dfa3815b1cb3888",
                "sha256:c2789b767ddddfa2a5782e3199b2b7f6894540b17b16ec26b2c4d8e103510b87"
            ],
            "markers": "python_version >= '3.7'",
            "version": "==0.17.3"
        },
        "httpx": {
            "hashes": [
                "sha256:06781eb9ac53cde990577af654bd990a4949de37a28bdb4a230d434f3a30b9bd",
                "sha256:5853a43053df830c20f8110c5e69fe44d035d850b2dfe795e196f00fdb774bdd"
            ],
            "index": "pypi",
            "version": "==0.24.1"
        },
        "hypercorn": {
            "hashes": [
                "sha256:3fa504efc46a271640023c9b88c3184fd64993f47a282e8ae1a13ccb285c2f67",
                "sha256:f956200dbf8677684e6e976219ffa6691d6cf795281184b41dbb0b135ab37b8d"
            ],
            "index": "pypi",
            "version": "==0.14.4"
        },
        "hyperframe": {
            "hashes": [
                "sha256:0ec6bafd80d8ad2195c4f03aacba3a8265e57bc4cff261e802bf39970ed02a15",
                "sha256:ae510046231dc8e9ecb1a6586f63d2347bf4c8905914aa84ba585ae85f28a914"
            ],
            "markers": "python_full_version >= '3.6.1'",
            "version": "==6.0.1"
        },
        "idna": {
            "hashes": [
                "sha256:814f528e8dead7d329833b91c5faa87d60bf71824cd12a7530b5526063d02cb4",
                "sha256:90b77e79eaa3eba6de819a0c442c0b4ceefc341a7a2ab77d7562bf49f425c5c2"
            ],
            "markers": "python_version >= '3.5'",
            "version": "==3.4"
        },
        "ipython": {
            "hashes": [
                "sha256:1d197b907b6ba441b692c48cf2a3a2de280dc0ac91a3405b39349a50272ca0a1",
                "sha256:248aca623f5c99a6635bc3857677b7320b9b8039f99f070ee0d20a5ca5a8e6bf"
            ],
            "index": "pypi",
            "version": "==8.14.0"
        },
        "itsdangerous": {
            "hashes": [
                "sha256:2c2349112351b88699d8d4b6b075022c0808887cb7ad10069318a8b0bc88db44",
                "sha256:5dbbc68b317e5e42f327f9021763545dc3fc3bfe22e6deb96aaf1fc38874156a"
            ],
            "markers": "python_version >= '3.7'",
            "version": "==2.1.2"
        },
        "jedi": {
            "hashes": [
                "sha256:bcf9894f1753969cbac8022a8c2eaee06bfa3724e4192470aaffe7eb6272b0c4",
                "sha256:cb8ce23fbccff0025e9386b5cf85e892f94c9b822378f8da49970471335ac64e"
            ],
            "markers": "python_version >= '3.6'",
            "version": "==0.19.0"
        },
        "jinja2": {
            "hashes": [
                "sha256:31351a702a408a9e7595a8fc6150fc3f43bb6bf7e319770cbc0db9df9437e852",
                "sha256:6088930bfe239f0e6710546ab9c19c9ef35e29792895fed6e6e31a023a182a61"
            ],
            "markers": "python_version >= '3.7'",
            "version": "==3.1.2"
        },
        "markupsafe": {
            "hashes": [
                "sha256:05fb21170423db021895e1ea1e1f3ab3adb85d1c2333cbc2310f2a26bc77272e",
                "sha256:0a4e4a1aff6c7ac4cd55792abf96c915634c2b97e3cc1c7129578aa68ebd754e",
                "sha256:10bbfe99883db80bdbaff2dcf681dfc6533a614f700da1287707e8a5d78a8431",
                "sha256:134da1eca9ec0ae528110ccc9e48041e0828d79f24121a1a146161103c76e686",
                "sha256:1577735524cdad32f9f694208aa75e422adba74f1baee7551620e43a3141f559",
                "sha256:1b40069d487e7edb2676d3fbdb2b0829ffa2cd63a2ec26c4938b2d34391b4ecc",
                "sha256:282c2cb35b5b673bbcadb33a585408104df04f14b2d9b01d4c345a3b92861c2c",
                "sha256:2c1b19b3aaacc6e57b7e25710ff571c24d6c3613a45e905b1fde04d691b98ee0",
                "sha256:2ef12179d3a291be237280175b542c07a36e7f60718296278d8593d21ca937d4",
                "sha256:338ae27d6b8745585f87218a3f23f1512dbf52c26c28e322dbe54bcede54ccb9",
                "sha256:3c0fae6c3be832a0a0473ac912810b2877c8cb9d76ca48de1ed31e1c68386575",
                "sha256:3fd4abcb888d15a94f32b75d8fd18ee162ca0c064f35b11134be77050296d6ba",
                "sha256:42de32b22b6b804f42c5d98be4f7e5e977ecdd9ee9b660fda1a3edf03b11792d",
                "sha256:504b320cd4b7eff6f968eddf81127112db685e81f7e36e75f9f84f0df46041c3",
                "sha256:525808b8019e36eb524b8c68acdd63a37e75714eac50e988180b169d64480a00",
                "sha256:56d9f2ecac662ca1611d183feb03a3fa4406469dafe241673d521dd5ae92a155",
                "sha256:5bbe06f8eeafd38e5d0a4894ffec89378b6c6a625ff57e3028921f8ff59318ac",
                "sha256:65c1a9bcdadc6c28eecee2c119465aebff8f7a584dd719facdd9e825ec61ab52",
                "sha256:68e78619a61ecf91e76aa3e6e8e33fc4894a2bebe93410754bd28fce0a8a4f9f",
                "sha256:69c0f17e9f5a7afdf2cc9fb2d1ce6aabdb3bafb7f38017c0b77862bcec2bbad8",
                "sha256:6b2b56950d93e41f33b4223ead100ea0fe11f8e6ee5f641eb753ce4b77a7042b",
                "sha256:787003c0ddb00500e49a10f2844fac87aa6ce977b90b0feaaf9de23c22508b24",
                "sha256:7ef3cb2ebbf91e330e3bb937efada0edd9003683db6b57bb108c4001f37a02ea",
                "sha256:8023faf4e01efadfa183e863fefde0046de576c6f14659e8782065bcece22198",
                "sha256:8758846a7e80910096950b67071243da3e5a20ed2546e6392603c096778d48e0",
                "sha256:8afafd99945ead6e075b973fefa56379c5b5c53fd8937dad92c662da5d8fd5ee",
                "sha256:8c41976a29d078bb235fea9b2ecd3da465df42a562910f9022f1a03107bd02be",
                "sha256:8e254ae696c88d98da6555f5ace2279cf7cd5b3f52be2b5cf97feafe883b58d2",
                "sha256:9402b03f1a1b4dc4c19845e5c749e3ab82d5078d16a2a4c2cd2df62d57bb0707",
                "sha256:962f82a3086483f5e5f64dbad880d31038b698494799b097bc59c2edf392fce6",
                "sha256:9dcdfd0eaf283af041973bff14a2e143b8bd64e069f4c383416ecd79a81aab58",
                "sha256:aa7bd130efab1c280bed0f45501b7c8795f9fdbeb02e965371bbef3523627779",
                "sha256:ab4a0df41e7c16a1392727727e7998a467472d0ad65f3ad5e6e765015df08636",
                "sha256:ad9e82fb8f09ade1c3e1b996a6337afac2b8b9e365f926f5a61aacc71adc5b3c",
                "sha256:af598ed32d6ae86f1b747b82783958b1a4ab8f617b06fe68795c7f026abbdcad",
                "sha256:b076b6226fb84157e3f7c971a47ff3a679d837cf338547532ab866c57930dbee",
                "sha256:b7ff0f54cb4ff66dd38bebd335a38e2c22c41a8ee45aa608efc890ac3e3931bc",
                "sha256:bfce63a9e7834b12b87c64d6b155fdd9b3b96191b6bd334bf37db7ff1fe457f2",
                "sha256:c011a4149cfbcf9f03994ec2edffcb8b1dc2d2aede7ca243746df97a5d41ce48",
                "sha256:c9c804664ebe8f83a211cace637506669e7890fec1b4195b505c214e50dd4eb7",
                "sha256:ca379055a47383d02a5400cb0d110cef0a776fc644cda797db0c5696cfd7e18e",
                "sha256:cb0932dc158471523c9637e807d9bfb93e06a95cbf010f1a38b98623b929ef2b",
                "sha256:cd0f502fe016460680cd20aaa5a76d241d6f35a1c3350c474bac1273803893fa",
                "sha256:ceb01949af7121f9fc39f7d27f91be8546f3fb112c608bc4029aef0bab86a2a5",
                "sha256:d080e0a5eb2529460b30190fcfcc4199bd7f827663f858a226a81bc27beaa97e",
                "sha256:dd15ff04ffd7e05ffcb7fe79f1b98041b8ea30ae9234aed2a9168b5797c3effb",
                "sha256:df0be2b576a7abbf737b1575f048c23fb1d769f267ec4358296f31c2479db8f9",
                "sha256:e09031c87a1e51556fdcb46e5bd4f59dfb743061cf93c4d6831bf894f125eb57",
                "sha256:e4dd52d80b8c83fdce44e12478ad2e85c64ea965e75d66dbeafb0a3e77308fcc",
                "sha256:fec21693218efe39aa7f8599346e90c705afa52c5b31ae019b2e57e8f6542bb2"
            ],
            "markers": "python_version >= '3.7'",
            "version": "==2.1.3"
        },
        "matplotlib-inline": {
            "hashes": [
                "sha256:f1f41aab5328aa5aaea9b16d083b128102f8712542f819fe7e6a420ff581b311",
                "sha256:f887e5f10ba98e8d2b150ddcf4702c1e5f8b3a20005eb0f74bfdbd360ee6f304"
            ],
            "markers": "python_version >= '3.5'",
            "version": "==0.1.6"
        },
        "motor": {
            "hashes": [
                "sha256:4fb1e8502260f853554f24115421584e83904a6debb577354d33e9711ee99008",
                "sha256:82cd3d8a3b57e322c3fa382a393b52828c9a2e98b315c78af36f01bae78af6a6"
            ],
            "index": "pypi",
            "version": "==3.2.0"
        },
        "parso": {
            "hashes": [
                "sha256:8c07be290bb59f03588915921e29e8a50002acaf2cdc5fa0e0114f91709fafa0",
                "sha256:c001d4636cd3aecdaf33cbb40aebb59b094be2a74c556778ef5576c175e19e75"
            ],
            "markers": "python_version >= '3.6'",
            "version": "==0.8.3"
        },
        "pexpect": {
            "hashes": [
                "sha256:0b48a55dcb3c05f3329815901ea4fc1537514d6ba867a152b581d69ae3710937",
                "sha256:fc65a43959d153d0114afe13997d439c22823a27cefceb5ff35c2178c6784c0c"
            ],
            "markers": "sys_platform != 'win32'",
            "version": "==4.8.0"
        },
        "pickleshare": {
            "hashes": [
                "sha256:87683d47965c1da65cdacaf31c8441d12b8044cdec9aca500cd78fc2c683afca",
                "sha256:9649af414d74d4df115d5d718f82acb59c9d418196b7b4290ed47a12ce62df56"
            ],
            "version": "==0.7.5"
        },
        "priority": {
            "hashes": [
                "sha256:6f8eefce5f3ad59baf2c080a664037bb4725cd0a790d53d59ab4059288faf6aa",
                "sha256:c965d54f1b8d0d0b19479db3924c7c36cf672dbf2aec92d43fbdaf4492ba18c0"
            ],
            "markers": "python_full_version >= '3.6.1'",
            "version": "==2.0.0"
        },
        "prompt-toolkit": {
            "hashes": [
                "sha256:04505ade687dc26dc4284b1ad19a83be2f2afe83e7a828ace0c72f3a1df72aac",
                "sha256:9dffbe1d8acf91e3de75f3b544e4842382fc06c6babe903ac9acb74dc6e08d88"
            ],
            "markers": "python_full_version >= '3.7.0'",
            "version": "==3.0.39"
        },
        "ptyprocess": {
            "hashes": [
                "sha256:4b41f3967fce3af57cc7e94b888626c18bf37a083e3651ca8feeb66d492fef35",
                "sha256:5c5d0a3b48ceee0b48485e0c26037c0acd7d29765ca3fbb5cb3831d347423220"
            ],
            "version": "==0.7.0"
        },
        "pure-eval": {
            "hashes": [
                "sha256:01eaab343580944bc56080ebe0a674b39ec44a945e6d09ba7db3cb8cec289350",
                "sha256:2b45320af6dfaa1750f543d714b6d1c520a1688dec6fd24d339063ce0aaa9ac3"
            ],
            "version": "==0.2.2"
        },
        "pycryptodome": {
            "hashes": [
                "sha256:01489bbdf709d993f3058e2996f8f40fee3f0ea4d995002e5968965fa2fe89fb",
                "sha256:10da29526a2a927c7d64b8f34592f461d92ae55fc97981aab5bbcde8cb465bb6",
                "sha256:12600268763e6fec3cefe4c2dcdf79bde08d0b6dc1813887e789e495cb9f3403",
                "sha256:157c9b5ba5e21b375f052ca78152dd309a09ed04703fd3721dce3ff8ecced148",
                "sha256:16bfd98dbe472c263ed2821284118d899c76968db1a6665ade0c46805e6b29a4",
                "sha256:363dd6f21f848301c2dcdeb3c8ae5f0dee2286a5e952a0f04954b82076f23825",
                "sha256:3811e31e1ac3069988f7a1c9ee7331b942e605dfc0f27330a9ea5997e965efb2",
                "sha256:422c89fd8df8a3bee09fb8d52aaa1e996120eafa565437392b781abec2a56e14",
                "sha256:4604816adebd4faf8810782f137f8426bf45fee97d8427fa8e1e49ea78a52e2c",
                "sha256:4944defabe2ace4803f99543445c27dd1edbe86d7d4edb87b256476a91e9ffa4",
                "sha256:51eae079ddb9c5f10376b4131be9589a6554f6fd84f7f655180937f611cd99a2",
                "sha256:53aee6be8b9b6da25ccd9028caf17dcdce3604f2c7862f5167777b707fbfb6cb",
                "sha256:62a1e8847fabb5213ccde38915563140a5b338f0d0a0d363f996b51e4a6165cf",
                "sha256:6f4b967bb11baea9128ec88c3d02f55a3e338361f5e4934f5240afcb667fdaec",
                "sha256:78d863476e6bad2a592645072cc489bb90320972115d8995bcfbee2f8b209918",
                "sha256:795bd1e4258a2c689c0b1f13ce9684fa0dd4c0e08680dcf597cf9516ed6bc0f3",
                "sha256:7a3d22c8ee63de22336679e021c7f2386f7fc465477d59675caa0e5706387944",
                "sha256:83c75952dcf4a4cebaa850fa257d7a860644c70a7cd54262c237c9f2be26f76e",
                "sha256:928078c530da78ff08e10eb6cada6e0dff386bf3d9fa9871b4bbc9fbc1efe024",
                "sha256:957b221d062d5752716923d14e0926f47670e95fead9d240fa4d4862214b9b2f",
                "sha256:9ad6f09f670c466aac94a40798e0e8d1ef2aa04589c29faa5b9b97566611d1d1",
                "sha256:9c8eda4f260072f7dbe42f473906c659dcbadd5ae6159dfb49af4da1293ae380",
                "sha256:b1d9701d10303eec8d0bd33fa54d44e67b8be74ab449052a8372f12a66f93fb9",
                "sha256:b6a610f8bfe67eab980d6236fdc73bfcdae23c9ed5548192bb2d530e8a92780e",
                "sha256:c9adee653fc882d98956e33ca2c1fb582e23a8af7ac82fee75bd6113c55a0413",
                "sha256:cb1be4d5af7f355e7d41d36d8eec156ef1382a88638e8032215c215b82a4b8ec",
                "sha256:d1497a8cd4728db0e0da3c304856cb37c0c4e3d0b36fcbabcc1600f18504fc54",
                "sha256:d20082bdac9218649f6abe0b885927be25a917e29ae0502eaf2b53f1233ce0c2",
                "sha256:e8ad74044e5f5d2456c11ed4cfd3e34b8d4898c0cb201c4038fe41458a82ea27",
                "sha256:f022a4fd2a5263a5c483a2bb165f9cb27f2be06f2f477113783efe3fe2ad887b",
                "sha256:f21efb8438971aa16924790e1c3dba3a33164eb4000106a55baaed522c261acf",
                "sha256:fc0a73f4db1e31d4a6d71b672a48f3af458f548059aa05e83022d5f61aac9c08"
            ],
            "index": "pypi",
            "version": "==3.18.0"
        },
        "pygments": {
            "hashes": [
                "sha256:8ace4d3c1dd481894b2005f560ead0f9f19ee64fe983366be1a21e171d12775c",
                "sha256:db2db3deb4b4179f399a09054b023b6a586b76499d36965813c71aa8ed7b5fd1"
            ],
            "markers": "python_version >= '3.7'",
            "version": "==2.15.1"
        },
        "pyjwt": {
            "hashes": [
                "sha256:57e28d156e3d5c10088e0c68abb90bfac3df82b40a71bd0daa20c65ccd5c23de",
                "sha256:59127c392cc44c2da5bb3192169a91f429924e17aff6534d70fdc02ab3e04320"
            ],
            "index": "pypi",
            "version": "==2.8.0"
        },
        "pymongo": {
            "hashes": [
                "sha256:022c91e2a41eefbcddc844c534520a13c6f613666c37b9fb9ed039eff47bd2e4",
                "sha256:02dba4ea2a6f22de4b50864d3957a0110b75d3eeb40aeab0b0ff64bcb5a063e6",
                "sha256:04ec1c5451ad358fdbff28ddc6e8a3d1b5f62178d38cd08007a251bc3f59445a",
                "sha256:05935f5a4bbae0a99482147588351b7b17999f4a4e6e55abfb74367ac58c0634",
                "sha256:0a7739bcebdbeb5648edb15af00fd38f2ab5de20851a1341d229494a638284cc",
                "sha256:0bdbbcc1ef3a56347630c57eda5cd9536bdbdb82754b3108c66cbc51b5233dfb",
                "sha256:0dcc64747b628a96bcfc6405c42acae3762c85d8ae8c1ce18834b8151cad7486",
                "sha256:1897123c4bede1af0c264a3bc389a2505bae50d85e4f211288d352928c02d017",
                "sha256:1944b16ffef3573ae064196460de43eb1c865a64fed23551b5eac1951d80acca",
                "sha256:2259302d8ab51cd56c3d9d5cca325977e35a0bb3a15a297ec124d2da56c214f7",
                "sha256:262a4073d2ee0654f0314ef4d9aab1d8c13dc8dae5c102312e152c02bfa7bdb7",
                "sha256:2aab6d1cff00d68212eca75d2260980202b14038d9298fed7d5c455fe3285c7c",
                "sha256:2fe4bbf2b2c91e4690b5658b0fbb98ca6e0a8fba9ececd65b4e7d2d1df3e9b01",
                "sha256:32d6d2b7e14bb6bc052f6cba0c1cf4d47a2b49c56ea1ed0f960a02bc9afaefb2",
                "sha256:334d41649f157c56a47fb289bae3b647a867c1a74f5f3a8a371fb361580bd9d3",
                "sha256:35545583396684ea70a0b005034a469bf3f447732396e5b3d50bec94890b8d5c",
                "sha256:3681caf37edbe05f72f0d351e4a6cb5874ec7ab5eeb99df3a277dbf110093739",
                "sha256:36b0b06c6e830d190215fced82872e5fd8239771063afa206f9adc09574018a3",
                "sha256:3a350d03959f9d5b7f2ea0621f5bb2eb3927b8fc1c4031d12cfd3949839d4f66",
                "sha256:3bb935789276422d8875f051837356edfccdb886e673444d91e4941a8142bd48",
                "sha256:3f0bd25de90b804cc95e548f55f430df2b47f242a4d7bbce486db62f3b3c981f",
                "sha256:3f345380f6d6d6d1dc6db9fa5c8480c439ea79553b71a2cbe3030a1f20676595",
                "sha256:44381b817eeb47a41bbfbd279594a7fb21017e0e3e15550eb0fd3758333097f3",
                "sha256:48409bac0f6a62825c306c9a124698df920afdc396132908a8e88b466925a248",
                "sha256:4e6a70c9d437b043fb07eef1796060f476359e5b7d8e23baa49f1a70379d6543",
                "sha256:4ec9c6d4547c93cf39787c249969f7348ef6c4d36439af10d57b5ee65f3dfbf9",
                "sha256:5248fdf7244a5e976279fe154d116c73f6206e0be71074ea9d9b1e73b5893dd5",
                "sha256:5368801ca6b66aacc5cc013258f11899cd6a4c3bb28cec435dd67f835905e9d2",
                "sha256:53831effe4dc0243231a944dfbd87896e42b1cf081776930de5cc74371405e3b",
                "sha256:54d0b8b6f2548e15b09232827d9ba8e03a599c9a30534f7f2c7bae79df2d1f91",
                "sha256:55b6ebeeabe32a9d2e38eeb90f07c020cb91098b34b5fca42ff3991cb6e6e621",
                "sha256:58c492e28057838792bed67875f982ffbd3c9ceb67341cc03811859fddb8efbf",
                "sha256:5a1e5b931bf729b2eacd720a0e40201c2d5ed0e2bada60863f19b069bb5016c4",
                "sha256:5a2a1da505ea78787b0382c92dc21a45d19918014394b220c4734857e9c73694",
                "sha256:6cf08997d3ecf9a1eabe12c35aa82a5c588f53fac054ed46fe5c16a0a20ea43d",
                "sha256:7b7127bb35f10d974ec1bd5573389e99054c558b821c9f23bb8ff94e7ae6e612",
                "sha256:7e307d67641d0e2f7e7d6ee3dad880d090dace96cc1d95c99d15bd9f545a1168",
                "sha256:8082eef0d8c711c9c272906fa469965e52b44dbdb8a589b54857b1351dc2e511",
                "sha256:854d92d2437e3496742e17342496e1f3d9efb22455501fd6010aa3658138e457",
                "sha256:85b92b3828b2c923ed448f820c147ee51fa4566e35c9bf88415586eb0192ced2",
                "sha256:884a35c0740744a48f67210692841581ab83a4608d3a031e7125022989ef65f8",
                "sha256:912b0fdc16500125dc1837be8b13c99d6782d93d6cd099d0e090e2aca0b6d100",
                "sha256:91848d555155ad4594de5e575b6452adc471bc7bc4b4d2b1f4f15a78a8af7843",
                "sha256:977c34b5b0b50bd169fbca1a4dd06fbfdfd8ac47734fdc3473532c10098e16ce",
                "sha256:980da627edc1275896d7d4670596433ec66e1f452ec244e07bbb2f91c955b581",
                "sha256:98764ae13de0ab80ba824ca0b84177006dec51f48dfb7c944d8fa78ab645c67f",
                "sha256:995b868ccc9df8d36cb28142363e3911846fe9f43348d942951f60cdd7f62224",
                "sha256:9d43634594f2486cc9bb604a1dc0914234878c4faf6604574a25260cb2faaa06",
                "sha256:9d45243ff4800320c842c45e01c91037e281840e8c6ed2949ed82a70f55c0e6a",
                "sha256:a0d326c3ba989091026fbc4827638dc169abdbb0c0bbe593716921543f530af6",
                "sha256:a438508dd8007a4a724601c3790db46fe0edc3d7d172acafc5f148ceb4a07815",
                "sha256:a4df87dbbd03ac6372d24f2a8054b4dc33de497d5227b50ec649f436ad574284",
                "sha256:a5198beca36778f19a98b56f541a0529502046bc867b352dda5b6322e1ddc4fd",
                "sha256:a6750449759f0a83adc9df3a469483a8c3eef077490b76f30c03dc8f7a4b1d66",
                "sha256:a86d20210c9805a032cda14225087ec483613aff0955327c7871a3c980562c5b",
                "sha256:ae1f85223193f249320f695eec4242cdcc311357f5f5064c2e72cfd18017e8ee",
                "sha256:aed21b3142311ad139629c4e101b54f25447ec40d6f42c72ad5c1a6f4f851f3a",
                "sha256:b25d2ccdb2901655cc56c0fc978c5ddb35029c46bfd30d182d0e23fffd55b14b",
                "sha256:b4c4bcd285bf0f5272d50628e4ea3989738e3af1251b2dd7bf50da2d593f3a56",
                "sha256:bbdd6c719cc2ea440d7245ba71ecdda507275071753c6ffe9c8232647246f575",
                "sha256:c409e5888a94a3ff99783fffd9477128ffab8416e3f8b2c633993eecdcd5c267",
                "sha256:d1b1c8eb21de4cb5e296614e8b775d5ecf9c56b7d3c6000f4bfdb17f9e244e72",
                "sha256:d67f4029c57b36a0278aeae044ce382752c078c7625cef71b5e2cf3e576961f9",
                "sha256:d9a5e16a32fb1000c72a8734ddd8ae291974deb5d38d40d1bdd01dbe4024eeb0",
                "sha256:ddffc0c6d0e92cf43dc6c47639d1ef9ab3c280db2998a33dbb9953bd864841e1",
                "sha256:e0f08a2dba1469252462c414b66cb416c7f7295f2c85e50f735122a251fcb131",
                "sha256:e3b508e0de613b906267f2c484cb5e9afd3a64680e1af23386ca8f99a29c6145",
                "sha256:e426e213ab07a73f8759ab8d69e87d05d7a60b3ecbf7673965948dcf8ebc1c9f",
                "sha256:e6d5d2c97c35f83dc65ccd5d64c7ed16eba6d9403e3744e847aee648c432f0bb",
                "sha256:ebe1683ec85d8bca389183d01ecf4640c797d6f22e6dac3453a6c492920d5ec3",
                "sha256:ef0e3279e72cccc3dc7be75b12b1e54cc938d7ce13f5f22bea844b9d9d5fecd4",
                "sha256:efa67f46c1678df541e8f41247d22430905f80a3296d9c914aaa793f2c9fa1db",
                "sha256:f41feb8cf429799ac43ed34504839954aa7d907f8bd9ecb52ed5ff0d2ea84245",
                "sha256:fab52db4d3aa3b73bcf920fb375dbea63bf0df0cb4bdb38c5a0a69e16568cc21"
            ],
            "markers": "python_version >= '3.7'",
            "version": "==4.4.1"
        },
        "quart": {
            "hashes": [
                "sha256:578a466bcd8c58b947b384ca3517c2a2f3bfeec8f58f4ff5038d4506ffee6be7",
                "sha256:c1766f269cdb85daf9da67ba54170abf7839aca97304dcb4cd0778eabfb442c6"
            ],
            "index": "pypi",
            "version": "==0.18.4"
        },
        "quart-cors": {
            "hashes": [
                "sha256:a12cb8f82506be9794c7d0fba62be04f07ca719e47e0691bf7a63d5ce661b70e",
                "sha256:e7c3f176624cfaa934ea96eddbcaea0b6c225d8eee543f97bce3bdc22e1e00ef"
            ],
            "index": "pypi",
            "version": "==0.6.0"
        },
        "redis": {
            "hashes": [
                "sha256:585dc516b9eb042a619ef0a39c3d7d55fe81bdb4df09a52c9cdde0d07bf1aa7d",
                "sha256:e2b03db868160ee4591de3cb90d40ebb50a90dd302138775937f6a42b7ed183c"
            ],
            "index": "pypi",
            "version": "==4.6.0"
        },
        "six": {
            "hashes": [
                "sha256:1e61c37477a1626458e36f7b1d82aa5c9b094fa4802892072e49de9c60c4c926",
                "sha256:8abb2f1d86890a2dfb989f9a77cfcfd3e47c2a354b01111771326f8aa26e0254"
            ],
            "markers": "python_version >= '2.7' and python_version not in '3.0, 3.1, 3.2, 3.3'",
            "version": "==1.16.0"
        },
        "sniffio": {
            "hashes": [
                "sha256:e60305c5e5d314f5389259b7f22aaa33d8f7dee49763119234af3755c55b9101",
                "sha256:eecefdce1e5bbfb7ad2eeaabf7c1eeb404d7757c379bd1f7e5cce9d8bf425384"
            ],
            "markers": "python_version >= '3.7'",
            "version": "==1.3.0"
        },
        "stack-data": {
            "hashes": [
                "sha256:32d2dd0376772d01b6cb9fc996f3c8b57a357089dec328ed4b6553d037eaf815",
                "sha256:cbb2a53eb64e5785878201a97ed7c7b94883f48b87bfb0bbe8b623c74679e4a8"
            ],
            "version": "==0.6.2"
        },
        "strenum": {
            "hashes": [
                "sha256:878fb5ab705442070e4dd1929bb5e2249511c0bcf2b0eeacf3bcd80875c82eff",
                "sha256:a30cda4af7cc6b5bf52c8055bc4bf4b2b6b14a93b574626da33df53cf7740659"
            ],
            "index": "pypi",
            "version": "==0.4.15"
        },
        "tenacity": {
            "hashes": [
                "sha256:2f277afb21b851637e8f52e6a613ff08734c347dc19ade928e519d7d2d8569b0",
                "sha256:43af037822bd0029025877f3b2d97cc4d7bb0c2991000a3d59d71517c5c969e0"
            ],
            "index": "pypi",
            "version": "==8.2.2"
        },
        "tomli": {
            "hashes": [
                "sha256:939de3e7a6161af0c887ef91b7d41a53e7c5a1ca976325f429cb46ea9bc30ecc",
                "sha256:de526c12914f0c550d15924c62d72abc48d6fe7364aa87328337a31007fe8a4f"
            ],
            "markers": "python_version < '3.11'",
            "version": "==2.0.1"
        },
        "traitlets": {
            "hashes": [
                "sha256:9e6ec080259b9a5940c797d58b613b5e31441c2257b87c2e795c5228ae80d2d8",
                "sha256:f6cde21a9c68cf756af02035f72d5a723bf607e862e7be33ece505abf4a3bad9"
            ],
            "markers": "python_version >= '3.7'",
            "version": "==5.9.0"
        },
        "validators": {
            "hashes": [
                "sha256:24148ce4e64100a2d5e267233e23e7afeb55316b47d30faae7eb6e7292bc226a"
            ],
            "index": "pypi",
            "version": "==0.20.0"
        },
        "wcwidth": {
            "hashes": [
                "sha256:795b138f6875577cd91bba52baf9e445cd5118fd32723b460e30a0af30ea230e",
                "sha256:a5220780a404dbe3353789870978e472cfe477761f06ee55077256e509b156d0"
            ],
            "version": "==0.2.6"
        },
        "werkzeug": {
            "hashes": [
                "sha256:935539fa1413afbb9195b24880778422ed620c0fc09670945185cce4d91a8890",
                "sha256:98c774df2f91b05550078891dee5f0eb0cb797a522c757a2452b9cee5b202330"
            ],
            "markers": "python_version >= '3.8'",
            "version": "==2.3.6"
        },
        "wsproto": {
            "hashes": [
                "sha256:ad565f26ecb92588a3e43bc3d96164de84cd9902482b130d0ddbaa9664a85065",
                "sha256:b9acddd652b585d75b20477888c56642fdade28bdfd3579aa24a4d2c037dd736"
            ],
            "markers": "python_full_version >= '3.7.0'",
            "version": "==1.2.0"
        }
    },
    "develop": {
        "autopep8": {
            "hashes": [
                "sha256:86e9303b5e5c8160872b2f5ef611161b2893e9bfe8ccc7e2f76385947d57a2f1",
                "sha256:f9849cdd62108cb739dbcdbfb7fdcc9a30d1b63c4cc3e1c1f893b5360941b61c"
            ],
            "index": "pypi",
            "version": "==2.0.2"
        },
        "pycodestyle": {
            "hashes": [
                "sha256:259bcc17857d8a8b3b4a2327324b79e5f020a13c16074670f9c8c8f872ea76d0",
                "sha256:5d1013ba8dc7895b548be5afb05740ca82454fd899971563d2ef625d090326f8"
            ],
            "markers": "python_version >= '3.8'",
            "version": "==2.11.0"
        },
        "tomli": {
            "hashes": [
                "sha256:939de3e7a6161af0c887ef91b7d41a53e7c5a1ca976325f429cb46ea9bc30ecc",
                "sha256:de526c12914f0c550d15924c62d72abc48d6fe7364aa87328337a31007fe8a4f"
            ],
            "markers": "python_version < '3.11'",
            "version": "==2.0.1"
        }
    }
}
